// !$*UTF8*$!
{
	archiveVersion = 1;
	classes = {
	};
	objectVersion = 56;
	objects = {

/* Begin PBXBuildFile section */
		92258D602A20EA4400653623 /* CustomTabBar.swift in Sources */ = {isa = PBXBuildFile; fileRef = 92258D5F2A20EA4400653623 /* CustomTabBar.swift */; };
		92258D632A20F17B00653623 /* MainView.swift in Sources */ = {isa = PBXBuildFile; fileRef = 92258D622A20F17B00653623 /* MainView.swift */; };
		9264F7862A31CBD700B18FCF /* DailyThoughtView.swift in Sources */ = {isa = PBXBuildFile; fileRef = 9264F7852A31CBD700B18FCF /* DailyThoughtView.swift */; };
		926F39772A2246B70000256B /* HomeView.swift in Sources */ = {isa = PBXBuildFile; fileRef = 926F39762A2246B70000256B /* HomeView.swift */; };
		92905C332A1E454C00B225E7 /* SilentMoonApp.swift in Sources */ = {isa = PBXBuildFile; fileRef = 92905C322A1E454C00B225E7 /* SilentMoonApp.swift */; };
		92905C372A1E454E00B225E7 /* Assets.xcassets in Resources */ = {isa = PBXBuildFile; fileRef = 92905C362A1E454E00B225E7 /* Assets.xcassets */; };
		92905C3A2A1E454E00B225E7 /* Preview Assets.xcassets in Resources */ = {isa = PBXBuildFile; fileRef = 92905C392A1E454E00B225E7 /* Preview Assets.xcassets */; };
		92905C492A1E512E00B225E7 /* HelveticaNeue.swift in Sources */ = {isa = PBXBuildFile; fileRef = 92905C482A1E512E00B225E7 /* HelveticaNeue.swift */; };
		92905C4C2A1E74F300B225E7 /* StarterView.swift in Sources */ = {isa = PBXBuildFile; fileRef = 92905C4B2A1E74F300B225E7 /* StarterView.swift */; };
		92905C4F2A1E797B00B225E7 /* Colors.swift in Sources */ = {isa = PBXBuildFile; fileRef = 92905C4E2A1E797B00B225E7 /* Colors.swift */; };
		92905C522A1E81D700B225E7 /* WelcomeSleepView.swift in Sources */ = {isa = PBXBuildFile; fileRef = 92905C512A1E81D700B225E7 /* WelcomeSleepView.swift */; };
		92986DA12A1F7E080077E622 /* WelcomeView.swift in Sources */ = {isa = PBXBuildFile; fileRef = 92986DA02A1F7E080077E622 /* WelcomeView.swift */; };
		92986DA52A1F9BBA0077E622 /* RemindersView.swift in Sources */ = {isa = PBXBuildFile; fileRef = 92986DA42A1F9BBA0077E622 /* RemindersView.swift */; };
		92986DA72A1FA0290077E622 /* CustomDayPicker.swift in Sources */ = {isa = PBXBuildFile; fileRef = 92986DA62A1FA0290077E622 /* CustomDayPicker.swift */; };
		929B880E2A1F4BCD004FDB23 /* SignInView.swift in Sources */ = {isa = PBXBuildFile; fileRef = 929B880D2A1F4BCD004FDB23 /* SignInView.swift */; };
		929B88102A1F4C63004FDB23 /* HelveticaNeueCyr-Bold.ttf in Resources */ = {isa = PBXBuildFile; fileRef = 929B880F2A1F4C63004FDB23 /* HelveticaNeueCyr-Bold.ttf */; };
		929B88132A1F4D8F004FDB23 /* HelveticaNeueCyr-Light.ttf in Resources */ = {isa = PBXBuildFile; fileRef = 929B88112A1F4D8F004FDB23 /* HelveticaNeueCyr-Light.ttf */; };
		929B88142A1F4D8F004FDB23 /* HelveticaNeueCyr-Medium.ttf in Resources */ = {isa = PBXBuildFile; fileRef = 929B88122A1F4D8F004FDB23 /* HelveticaNeueCyr-Medium.ttf */; };
		929B88172A1F6216004FDB23 /* ViewModifiers.swift in Sources */ = {isa = PBXBuildFile; fileRef = 929B88162A1F6216004FDB23 /* ViewModifiers.swift */; };
		929B88192A1F728A004FDB23 /* SignUpView.swift in Sources */ = {isa = PBXBuildFile; fileRef = 929B88182A1F728A004FDB23 /* SignUpView.swift */; };
		92BB99EC2A30F88E0076018E /* CourseCell.swift in Sources */ = {isa = PBXBuildFile; fileRef = 92BB99EB2A30F88E0076018E /* CourseCell.swift */; };
		92CFB4F72A23C3D6006AB216 /* ChooseTopicView.swift in Sources */ = {isa = PBXBuildFile; fileRef = 92CFB4F62A23C3D6006AB216 /* ChooseTopicView.swift */; };
		92E771462A2F5DF200DC26C8 /* ImageExtension.swift in Sources */ = {isa = PBXBuildFile; fileRef = 92E771452A2F5DF200DC26C8 /* ImageExtension.swift */; };
		92F51B9F2A249D40004E3AD6 /* Otjanbird-Pt.-I.mp3 in Resources */ = {isa = PBXBuildFile; fileRef = 92F51B9D2A249D3F004E3AD6 /* Otjanbird-Pt.-I.mp3 */; };
		92F51BA02A249D40004E3AD6 /* storm-clouds-purpple-cat.mp3 in Resources */ = {isa = PBXBuildFile; fileRef = 92F51B9E2A249D40004E3AD6 /* storm-clouds-purpple-cat.mp3 */; };
		92F51BA32A249D9A004E3AD6 /* MusicPlayer.swift in Sources */ = {isa = PBXBuildFile; fileRef = 92F51BA22A249D9A004E3AD6 /* MusicPlayer.swift */; };
		92FB437B2A2F239F0080F95E /* AudioManager.swift in Sources */ = {isa = PBXBuildFile; fileRef = 92FB437A2A2F239F0080F95E /* AudioManager.swift */; };
		92FB437D2A2F256F0080F95E /* SongsViewModel.swift in Sources */ = {isa = PBXBuildFile; fileRef = 92FB437C2A2F256F0080F95E /* SongsViewModel.swift */; };
/* End PBXBuildFile section */

/* Begin PBXFileReference section */
		92258D5F2A20EA4400653623 /* CustomTabBar.swift */ = {isa = PBXFileReference; lastKnownFileType = sourcecode.swift; path = CustomTabBar.swift; sourceTree = "<group>"; };
		92258D622A20F17B00653623 /* MainView.swift */ = {isa = PBXFileReference; lastKnownFileType = sourcecode.swift; path = MainView.swift; sourceTree = "<group>"; };
		9264F7852A31CBD700B18FCF /* DailyThoughtView.swift */ = {isa = PBXFileReference; lastKnownFileType = sourcecode.swift; path = DailyThoughtView.swift; sourceTree = "<group>"; };
		926F39762A2246B70000256B /* HomeView.swift */ = {isa = PBXFileReference; lastKnownFileType = sourcecode.swift; path = HomeView.swift; sourceTree = "<group>"; };
		92905C2F2A1E454C00B225E7 /* SilentMoon.app */ = {isa = PBXFileReference; explicitFileType = wrapper.application; includeInIndex = 0; path = SilentMoon.app; sourceTree = BUILT_PRODUCTS_DIR; };
		92905C322A1E454C00B225E7 /* SilentMoonApp.swift */ = {isa = PBXFileReference; lastKnownFileType = sourcecode.swift; path = SilentMoonApp.swift; sourceTree = "<group>"; };
		92905C362A1E454E00B225E7 /* Assets.xcassets */ = {isa = PBXFileReference; lastKnownFileType = folder.assetcatalog; path = Assets.xcassets; sourceTree = "<group>"; };
		92905C392A1E454E00B225E7 /* Preview Assets.xcassets */ = {isa = PBXFileReference; lastKnownFileType = folder.assetcatalog; path = "Preview Assets.xcassets"; sourceTree = "<group>"; };
		92905C472A1E4B8B00B225E7 /* Info.plist */ = {isa = PBXFileReference; lastKnownFileType = text.plist; path = Info.plist; sourceTree = "<group>"; };
		92905C482A1E512E00B225E7 /* HelveticaNeue.swift */ = {isa = PBXFileReference; lastKnownFileType = sourcecode.swift; path = HelveticaNeue.swift; sourceTree = "<group>"; };
		92905C4B2A1E74F300B225E7 /* StarterView.swift */ = {isa = PBXFileReference; lastKnownFileType = sourcecode.swift; path = StarterView.swift; sourceTree = "<group>"; };
		92905C4E2A1E797B00B225E7 /* Colors.swift */ = {isa = PBXFileReference; lastKnownFileType = sourcecode.swift; path = Colors.swift; sourceTree = "<group>"; };
		92905C512A1E81D700B225E7 /* WelcomeSleepView.swift */ = {isa = PBXFileReference; lastKnownFileType = sourcecode.swift; path = WelcomeSleepView.swift; sourceTree = "<group>"; };
		92986DA02A1F7E080077E622 /* WelcomeView.swift */ = {isa = PBXFileReference; lastKnownFileType = sourcecode.swift; path = WelcomeView.swift; sourceTree = "<group>"; };
		92986DA42A1F9BBA0077E622 /* RemindersView.swift */ = {isa = PBXFileReference; lastKnownFileType = sourcecode.swift; path = RemindersView.swift; sourceTree = "<group>"; };
		92986DA62A1FA0290077E622 /* CustomDayPicker.swift */ = {isa = PBXFileReference; lastKnownFileType = sourcecode.swift; path = CustomDayPicker.swift; sourceTree = "<group>"; };
		929B880D2A1F4BCD004FDB23 /* SignInView.swift */ = {isa = PBXFileReference; lastKnownFileType = sourcecode.swift; path = SignInView.swift; sourceTree = "<group>"; };
		929B880F2A1F4C63004FDB23 /* HelveticaNeueCyr-Bold.ttf */ = {isa = PBXFileReference; lastKnownFileType = file; path = "HelveticaNeueCyr-Bold.ttf"; sourceTree = "<group>"; };
		929B88112A1F4D8F004FDB23 /* HelveticaNeueCyr-Light.ttf */ = {isa = PBXFileReference; lastKnownFileType = file; path = "HelveticaNeueCyr-Light.ttf"; sourceTree = "<group>"; };
		929B88122A1F4D8F004FDB23 /* HelveticaNeueCyr-Medium.ttf */ = {isa = PBXFileReference; lastKnownFileType = file; path = "HelveticaNeueCyr-Medium.ttf"; sourceTree = "<group>"; };
		929B88162A1F6216004FDB23 /* ViewModifiers.swift */ = {isa = PBXFileReference; lastKnownFileType = sourcecode.swift; path = ViewModifiers.swift; sourceTree = "<group>"; };
		929B88182A1F728A004FDB23 /* SignUpView.swift */ = {isa = PBXFileReference; lastKnownFileType = sourcecode.swift; path = SignUpView.swift; sourceTree = "<group>"; };
		92BB99EB2A30F88E0076018E /* CourseCell.swift */ = {isa = PBXFileReference; lastKnownFileType = sourcecode.swift; path = CourseCell.swift; sourceTree = "<group>"; };
		92CFB4F62A23C3D6006AB216 /* ChooseTopicView.swift */ = {isa = PBXFileReference; lastKnownFileType = sourcecode.swift; path = ChooseTopicView.swift; sourceTree = "<group>"; };
		92E771452A2F5DF200DC26C8 /* ImageExtension.swift */ = {isa = PBXFileReference; lastKnownFileType = sourcecode.swift; path = ImageExtension.swift; sourceTree = "<group>"; };
		92F51B9D2A249D3F004E3AD6 /* Otjanbird-Pt.-I.mp3 */ = {isa = PBXFileReference; lastKnownFileType = audio.mp3; path = "Otjanbird-Pt.-I.mp3"; sourceTree = "<group>"; };
		92F51B9E2A249D40004E3AD6 /* storm-clouds-purpple-cat.mp3 */ = {isa = PBXFileReference; lastKnownFileType = audio.mp3; path = "storm-clouds-purpple-cat.mp3"; sourceTree = "<group>"; };
		92F51BA22A249D9A004E3AD6 /* MusicPlayer.swift */ = {isa = PBXFileReference; lastKnownFileType = sourcecode.swift; path = MusicPlayer.swift; sourceTree = "<group>"; };
		92FB437A2A2F239F0080F95E /* AudioManager.swift */ = {isa = PBXFileReference; lastKnownFileType = sourcecode.swift; path = AudioManager.swift; sourceTree = "<group>"; };
		92FB437C2A2F256F0080F95E /* SongsViewModel.swift */ = {isa = PBXFileReference; lastKnownFileType = sourcecode.swift; path = SongsViewModel.swift; sourceTree = "<group>"; };
/* End PBXFileReference section */

/* Begin PBXFrameworksBuildPhase section */
		92905C2C2A1E454C00B225E7 /* Frameworks */ = {
			isa = PBXFrameworksBuildPhase;
			buildActionMask = 2147483647;
			files = (
			);
			runOnlyForDeploymentPostprocessing = 0;
		};
/* End PBXFrameworksBuildPhase section */

/* Begin PBXGroup section */
		92258D5E2A20EA2A00653623 /* TabBar */ = {
			isa = PBXGroup;
			children = (
				92258D5F2A20EA4400653623 /* CustomTabBar.swift */,
			);
			path = TabBar;
			sourceTree = "<group>";
		};
		92258D612A20F16E00653623 /* Home */ = {
			isa = PBXGroup;
			children = (
				926F39762A2246B70000256B /* HomeView.swift */,
				92BB99EB2A30F88E0076018E /* CourseCell.swift */,
				9264F7852A31CBD700B18FCF /* DailyThoughtView.swift */,
			);
			path = Home;
			sourceTree = "<group>";
		};
		926F39752A22460C0000256B /* Main */ = {
			isa = PBXGroup;
			children = (
				92258D622A20F17B00653623 /* MainView.swift */,
			);
			path = Main;
			sourceTree = "<group>";
		};
		92905C262A1E454C00B225E7 = {
			isa = PBXGroup;
			children = (
				92E771442A2F5DDE00DC26C8 /* Extensions */,
				92FB43792A2F23900080F95E /* Manager */,
				92905C312A1E454C00B225E7 /* SilentMoon */,
				92905C302A1E454C00B225E7 /* Products */,
			);
			sourceTree = "<group>";
		};
		92905C302A1E454C00B225E7 /* Products */ = {
			isa = PBXGroup;
			children = (
				92905C2F2A1E454C00B225E7 /* SilentMoon.app */,
			);
			name = Products;
			sourceTree = "<group>";
		};
		92905C312A1E454C00B225E7 /* SilentMoon */ = {
			isa = PBXGroup;
			children = (
				92258D612A20F16E00653623 /* Home */,
				92F51BA12A249D6B004E3AD6 /* Meditate */,
				926F39752A22460C0000256B /* Main */,
				92258D5E2A20EA2A00653623 /* TabBar */,
				929B88152A1F61F9004FDB23 /* ViewModifiers */,
				92905C502A1E81BE00B225E7 /* Sleep */,
				92905C4D2A1E796E00B225E7 /* Helpers */,
				92905C4A2A1E74CD00B225E7 /* Login&Register */,
				92905C472A1E4B8B00B225E7 /* Info.plist */,
				92905C402A1E49CE00B225E7 /* Fonts */,
				92905C322A1E454C00B225E7 /* SilentMoonApp.swift */,
				92905C362A1E454E00B225E7 /* Assets.xcassets */,
				92F51B9D2A249D3F004E3AD6 /* Otjanbird-Pt.-I.mp3 */,
				92F51B9E2A249D40004E3AD6 /* storm-clouds-purpple-cat.mp3 */,
				92905C382A1E454E00B225E7 /* Preview Content */,
			);
			path = SilentMoon;
			sourceTree = "<group>";
		};
		92905C382A1E454E00B225E7 /* Preview Content */ = {
			isa = PBXGroup;
			children = (
				92905C392A1E454E00B225E7 /* Preview Assets.xcassets */,
			);
			path = "Preview Content";
			sourceTree = "<group>";
		};
		92905C402A1E49CE00B225E7 /* Fonts */ = {
			isa = PBXGroup;
			children = (
				929B88112A1F4D8F004FDB23 /* HelveticaNeueCyr-Light.ttf */,
				929B88122A1F4D8F004FDB23 /* HelveticaNeueCyr-Medium.ttf */,
				929B880F2A1F4C63004FDB23 /* HelveticaNeueCyr-Bold.ttf */,
				92905C482A1E512E00B225E7 /* HelveticaNeue.swift */,
			);
			path = Fonts;
			sourceTree = "<group>";
		};
		92905C4A2A1E74CD00B225E7 /* Login&Register */ = {
			isa = PBXGroup;
			children = (
				92986DA02A1F7E080077E622 /* WelcomeView.swift */,
				92905C4B2A1E74F300B225E7 /* StarterView.swift */,
				929B88182A1F728A004FDB23 /* SignUpView.swift */,
				929B880D2A1F4BCD004FDB23 /* SignInView.swift */,
				92986DA42A1F9BBA0077E622 /* RemindersView.swift */,
				92CFB4F62A23C3D6006AB216 /* ChooseTopicView.swift */,
			);
			path = "Login&Register";
			sourceTree = "<group>";
		};
		92905C4D2A1E796E00B225E7 /* Helpers */ = {
			isa = PBXGroup;
			children = (
				92905C4E2A1E797B00B225E7 /* Colors.swift */,
				92986DA62A1FA0290077E622 /* CustomDayPicker.swift */,
			);
			path = Helpers;
			sourceTree = "<group>";
		};
		92905C502A1E81BE00B225E7 /* Sleep */ = {
			isa = PBXGroup;
			children = (
				92905C512A1E81D700B225E7 /* WelcomeSleepView.swift */,
			);
			path = Sleep;
			sourceTree = "<group>";
		};
		929B88152A1F61F9004FDB23 /* ViewModifiers */ = {
			isa = PBXGroup;
			children = (
				929B88162A1F6216004FDB23 /* ViewModifiers.swift */,
			);
			path = ViewModifiers;
			sourceTree = "<group>";
		};
		92E771442A2F5DDE00DC26C8 /* Extensions */ = {
			isa = PBXGroup;
			children = (
				92E771452A2F5DF200DC26C8 /* ImageExtension.swift */,
			);
			path = Extensions;
			sourceTree = "<group>";
		};
		92F51BA12A249D6B004E3AD6 /* Meditate */ = {
			isa = PBXGroup;
			children = (
				92F51BA22A249D9A004E3AD6 /* MusicPlayer.swift */,
			);
			path = Meditate;
			sourceTree = "<group>";
		};
		92FB43792A2F23900080F95E /* Manager */ = {
			isa = PBXGroup;
			children = (
				92FB437A2A2F239F0080F95E /* AudioManager.swift */,
				92FB437C2A2F256F0080F95E /* SongsViewModel.swift */,
			);
			path = Manager;
			sourceTree = "<group>";
		};
/* End PBXGroup section */

/* Begin PBXNativeTarget section */
		92905C2E2A1E454C00B225E7 /* SilentMoon */ = {
			isa = PBXNativeTarget;
			buildConfigurationList = 92905C3D2A1E454E00B225E7 /* Build configuration list for PBXNativeTarget "SilentMoon" */;
			buildPhases = (
				92905C2B2A1E454C00B225E7 /* Sources */,
				92905C2C2A1E454C00B225E7 /* Frameworks */,
				92905C2D2A1E454C00B225E7 /* Resources */,
			);
			buildRules = (
			);
			dependencies = (
			);
			name = SilentMoon;
			productName = SilentMoon;
			productReference = 92905C2F2A1E454C00B225E7 /* SilentMoon.app */;
			productType = "com.apple.product-type.application";
		};
/* End PBXNativeTarget section */

/* Begin PBXProject section */
		92905C272A1E454C00B225E7 /* Project object */ = {
			isa = PBXProject;
			attributes = {
				BuildIndependentTargetsInParallel = 1;
				LastSwiftUpdateCheck = 1420;
				LastUpgradeCheck = 1420;
				TargetAttributes = {
					92905C2E2A1E454C00B225E7 = {
						CreatedOnToolsVersion = 14.2;
					};
				};
			};
			buildConfigurationList = 92905C2A2A1E454C00B225E7 /* Build configuration list for PBXProject "SilentMoon" */;
			compatibilityVersion = "Xcode 14.0";
			developmentRegion = en;
			hasScannedForEncodings = 0;
			knownRegions = (
				en,
				Base,
			);
			mainGroup = 92905C262A1E454C00B225E7;
			productRefGroup = 92905C302A1E454C00B225E7 /* Products */;
			projectDirPath = "";
			projectRoot = "";
			targets = (
				92905C2E2A1E454C00B225E7 /* SilentMoon */,
			);
		};
/* End PBXProject section */

/* Begin PBXResourcesBuildPhase section */
		92905C2D2A1E454C00B225E7 /* Resources */ = {
			isa = PBXResourcesBuildPhase;
			buildActionMask = 2147483647;
			files = (
				92905C3A2A1E454E00B225E7 /* Preview Assets.xcassets in Resources */,
				929B88102A1F4C63004FDB23 /* HelveticaNeueCyr-Bold.ttf in Resources */,
				92F51BA02A249D40004E3AD6 /* storm-clouds-purpple-cat.mp3 in Resources */,
				92905C372A1E454E00B225E7 /* Assets.xcassets in Resources */,
				92F51B9F2A249D40004E3AD6 /* Otjanbird-Pt.-I.mp3 in Resources */,
				929B88132A1F4D8F004FDB23 /* HelveticaNeueCyr-Light.ttf in Resources */,
				929B88142A1F4D8F004FDB23 /* HelveticaNeueCyr-Medium.ttf in Resources */,
			);
			runOnlyForDeploymentPostprocessing = 0;
		};
/* End PBXResourcesBuildPhase section */

/* Begin PBXSourcesBuildPhase section */
		92905C2B2A1E454C00B225E7 /* Sources */ = {
			isa = PBXSourcesBuildPhase;
			buildActionMask = 2147483647;
			files = (
				92905C4C2A1E74F300B225E7 /* StarterView.swift in Sources */,
				92E771462A2F5DF200DC26C8 /* ImageExtension.swift in Sources */,
				926F39772A2246B70000256B /* HomeView.swift in Sources */,
				92258D632A20F17B00653623 /* MainView.swift in Sources */,
				92BB99EC2A30F88E0076018E /* CourseCell.swift in Sources */,
				9264F7862A31CBD700B18FCF /* DailyThoughtView.swift in Sources */,
				92FB437B2A2F239F0080F95E /* AudioManager.swift in Sources */,
				929B880E2A1F4BCD004FDB23 /* SignInView.swift in Sources */,
				92986DA52A1F9BBA0077E622 /* RemindersView.swift in Sources */,
				92258D602A20EA4400653623 /* CustomTabBar.swift in Sources */,
				92905C4F2A1E797B00B225E7 /* Colors.swift in Sources */,
				929B88172A1F6216004FDB23 /* ViewModifiers.swift in Sources */,
				92FB437D2A2F256F0080F95E /* SongsViewModel.swift in Sources */,
				92986DA12A1F7E080077E622 /* WelcomeView.swift in Sources */,
				92986DA72A1FA0290077E622 /* CustomDayPicker.swift in Sources */,
				92F51BA32A249D9A004E3AD6 /* MusicPlayer.swift in Sources */,
				92905C492A1E512E00B225E7 /* HelveticaNeue.swift in Sources */,
				92905C332A1E454C00B225E7 /* SilentMoonApp.swift in Sources */,
				929B88192A1F728A004FDB23 /* SignUpView.swift in Sources */,
				92CFB4F72A23C3D6006AB216 /* ChooseTopicView.swift in Sources */,
				92905C522A1E81D700B225E7 /* WelcomeSleepView.swift in Sources */,
			);
			runOnlyForDeploymentPostprocessing = 0;
		};
/* End PBXSourcesBuildPhase section */

/* Begin XCBuildConfiguration section */
		92905C3B2A1E454E00B225E7 /* Debug */ = {
			isa = XCBuildConfiguration;
			buildSettings = {
				ALWAYS_SEARCH_USER_PATHS = NO;
				CLANG_ANALYZER_NONNULL = YES;
				CLANG_ANALYZER_NUMBER_OBJECT_CONVERSION = YES_AGGRESSIVE;
				CLANG_CXX_LANGUAGE_STANDARD = "gnu++20";
				CLANG_ENABLE_MODULES = YES;
				CLANG_ENABLE_OBJC_ARC = YES;
				CLANG_ENABLE_OBJC_WEAK = YES;
				CLANG_WARN_BLOCK_CAPTURE_AUTORELEASING = YES;
				CLANG_WARN_BOOL_CONVERSION = YES;
				CLANG_WARN_COMMA = YES;
				CLANG_WARN_CONSTANT_CONVERSION = YES;
				CLANG_WARN_DEPRECATED_OBJC_IMPLEMENTATIONS = YES;
				CLANG_WARN_DIRECT_OBJC_ISA_USAGE = YES_ERROR;
				CLANG_WARN_DOCUMENTATION_COMMENTS = YES;
				CLANG_WARN_EMPTY_BODY = YES;
				CLANG_WARN_ENUM_CONVERSION = YES;
				CLANG_WARN_INFINITE_RECURSION = YES;
				CLANG_WARN_INT_CONVERSION = YES;
				CLANG_WARN_NON_LITERAL_NULL_CONVERSION = YES;
				CLANG_WARN_OBJC_IMPLICIT_RETAIN_SELF = YES;
				CLANG_WARN_OBJC_LITERAL_CONVERSION = YES;
				CLANG_WARN_OBJC_ROOT_CLASS = YES_ERROR;
				CLANG_WARN_QUOTED_INCLUDE_IN_FRAMEWORK_HEADER = YES;
				CLANG_WARN_RANGE_LOOP_ANALYSIS = YES;
				CLANG_WARN_STRICT_PROTOTYPES = YES;
				CLANG_WARN_SUSPICIOUS_MOVE = YES;
				CLANG_WARN_UNGUARDED_AVAILABILITY = YES_AGGRESSIVE;
				CLANG_WARN_UNREACHABLE_CODE = YES;
				CLANG_WARN__DUPLICATE_METHOD_MATCH = YES;
				COPY_PHASE_STRIP = NO;
				DEBUG_INFORMATION_FORMAT = dwarf;
				ENABLE_STRICT_OBJC_MSGSEND = YES;
				ENABLE_TESTABILITY = YES;
				GCC_C_LANGUAGE_STANDARD = gnu11;
				GCC_DYNAMIC_NO_PIC = NO;
				GCC_NO_COMMON_BLOCKS = YES;
				GCC_OPTIMIZATION_LEVEL = 0;
				GCC_PREPROCESSOR_DEFINITIONS = (
					"DEBUG=1",
					"$(inherited)",
				);
				GCC_WARN_64_TO_32_BIT_CONVERSION = YES;
				GCC_WARN_ABOUT_RETURN_TYPE = YES_ERROR;
				GCC_WARN_UNDECLARED_SELECTOR = YES;
				GCC_WARN_UNINITIALIZED_AUTOS = YES_AGGRESSIVE;
				GCC_WARN_UNUSED_FUNCTION = YES;
				GCC_WARN_UNUSED_VARIABLE = YES;
				IPHONEOS_DEPLOYMENT_TARGET = 16.2;
				MTL_ENABLE_DEBUG_INFO = INCLUDE_SOURCE;
				MTL_FAST_MATH = YES;
				ONLY_ACTIVE_ARCH = YES;
				SDKROOT = iphoneos;
				SWIFT_ACTIVE_COMPILATION_CONDITIONS = DEBUG;
				SWIFT_OPTIMIZATION_LEVEL = "-Onone";
			};
			name = Debug;
		};
		92905C3C2A1E454E00B225E7 /* Release */ = {
			isa = XCBuildConfiguration;
			buildSettings = {
				ALWAYS_SEARCH_USER_PATHS = NO;
				CLANG_ANALYZER_NONNULL = YES;
				CLANG_ANALYZER_NUMBER_OBJECT_CONVERSION = YES_AGGRESSIVE;
				CLANG_CXX_LANGUAGE_STANDARD = "gnu++20";
				CLANG_ENABLE_MODULES = YES;
				CLANG_ENABLE_OBJC_ARC = YES;
				CLANG_ENABLE_OBJC_WEAK = YES;
				CLANG_WARN_BLOCK_CAPTURE_AUTORELEASING = YES;
				CLANG_WARN_BOOL_CONVERSION = YES;
				CLANG_WARN_COMMA = YES;
				CLANG_WARN_CONSTANT_CONVERSION = YES;
				CLANG_WARN_DEPRECATED_OBJC_IMPLEMENTATIONS = YES;
				CLANG_WARN_DIRECT_OBJC_ISA_USAGE = YES_ERROR;
				CLANG_WARN_DOCUMENTATION_COMMENTS = YES;
				CLANG_WARN_EMPTY_BODY = YES;
				CLANG_WARN_ENUM_CONVERSION = YES;
				CLANG_WARN_INFINITE_RECURSION = YES;
				CLANG_WARN_INT_CONVERSION = YES;
				CLANG_WARN_NON_LITERAL_NULL_CONVERSION = YES;
				CLANG_WARN_OBJC_IMPLICIT_RETAIN_SELF = YES;
				CLANG_WARN_OBJC_LITERAL_CONVERSION = YES;
				CLANG_WARN_OBJC_ROOT_CLASS = YES_ERROR;
				CLANG_WARN_QUOTED_INCLUDE_IN_FRAMEWORK_HEADER = YES;
				CLANG_WARN_RANGE_LOOP_ANALYSIS = YES;
				CLANG_WARN_STRICT_PROTOTYPES = YES;
				CLANG_WARN_SUSPICIOUS_MOVE = YES;
				CLANG_WARN_UNGUARDED_AVAILABILITY = YES_AGGRESSIVE;
				CLANG_WARN_UNREACHABLE_CODE = YES;
				CLANG_WARN__DUPLICATE_METHOD_MATCH = YES;
				COPY_PHASE_STRIP = NO;
				DEBUG_INFORMATION_FORMAT = "dwarf-with-dsym";
				ENABLE_NS_ASSERTIONS = NO;
				ENABLE_STRICT_OBJC_MSGSEND = YES;
				GCC_C_LANGUAGE_STANDARD = gnu11;
				GCC_NO_COMMON_BLOCKS = YES;
				GCC_WARN_64_TO_32_BIT_CONVERSION = YES;
				GCC_WARN_ABOUT_RETURN_TYPE = YES_ERROR;
				GCC_WARN_UNDECLARED_SELECTOR = YES;
				GCC_WARN_UNINITIALIZED_AUTOS = YES_AGGRESSIVE;
				GCC_WARN_UNUSED_FUNCTION = YES;
				GCC_WARN_UNUSED_VARIABLE = YES;
				IPHONEOS_DEPLOYMENT_TARGET = 16.2;
				MTL_ENABLE_DEBUG_INFO = NO;
				MTL_FAST_MATH = YES;
				SDKROOT = iphoneos;
				SWIFT_COMPILATION_MODE = wholemodule;
				SWIFT_OPTIMIZATION_LEVEL = "-O";
				VALIDATE_PRODUCT = YES;
			};
			name = Release;
		};
		92905C3E2A1E454E00B225E7 /* Debug */ = {
			isa = XCBuildConfiguration;
			buildSettings = {
				ASSETCATALOG_COMPILER_APPICON_NAME = AppIcon;
				ASSETCATALOG_COMPILER_GLOBAL_ACCENT_COLOR_NAME = AccentColor;
				CODE_SIGN_STYLE = Automatic;
				CURRENT_PROJECT_VERSION = 1;
				DEVELOPMENT_ASSET_PATHS = "\"SilentMoon/Preview Content\"";
				DEVELOPMENT_TEAM = 72NQPP668A;
				ENABLE_PREVIEWS = YES;
				GENERATE_INFOPLIST_FILE = YES;
				INFOPLIST_FILE = SilentMoon/Info.plist;
				INFOPLIST_KEY_UIApplicationSceneManifest_Generation = YES;
				INFOPLIST_KEY_UIApplicationSupportsIndirectInputEvents = YES;
				INFOPLIST_KEY_UILaunchScreen_Generation = YES;
				INFOPLIST_KEY_UISupportedInterfaceOrientations = UIInterfaceOrientationPortrait;
				IPHONEOS_DEPLOYMENT_TARGET = 15.2;
				LD_RUNPATH_SEARCH_PATHS = (
					"$(inherited)",
					"@executable_path/Frameworks",
				);
				MARKETING_VERSION = 1.0;
				PRODUCT_BUNDLE_IDENTIFIER = com.SilentMoon;
				PRODUCT_NAME = "$(TARGET_NAME)";
				SWIFT_EMIT_LOC_STRINGS = YES;
				SWIFT_VERSION = 5.0;
				TARGETED_DEVICE_FAMILY = "1,2";
			};
			name = Debug;
		};
		92905C3F2A1E454E00B225E7 /* Release */ = {
			isa = XCBuildConfiguration;
			buildSettings = {
				ASSETCATALOG_COMPILER_APPICON_NAME = AppIcon;
				ASSETCATALOG_COMPILER_GLOBAL_ACCENT_COLOR_NAME = AccentColor;
				CODE_SIGN_STYLE = Automatic;
				CURRENT_PROJECT_VERSION = 1;
				DEVELOPMENT_ASSET_PATHS = "\"SilentMoon/Preview Content\"";
				DEVELOPMENT_TEAM = 72NQPP668A;
				ENABLE_PREVIEWS = YES;
				GENERATE_INFOPLIST_FILE = YES;
				INFOPLIST_FILE = SilentMoon/Info.plist;
				INFOPLIST_KEY_UIApplicationSceneManifest_Generation = YES;
				INFOPLIST_KEY_UIApplicationSupportsIndirectInputEvents = YES;
				INFOPLIST_KEY_UILaunchScreen_Generation = YES;
				INFOPLIST_KEY_UISupportedInterfaceOrientations = UIInterfaceOrientationPortrait;
				IPHONEOS_DEPLOYMENT_TARGET = 15.2;
				LD_RUNPATH_SEARCH_PATHS = (
					"$(inherited)",
					"@executable_path/Frameworks",
				);
				MARKETING_VERSION = 1.0;
				PRODUCT_BUNDLE_IDENTIFIER = com.SilentMoon;
				PRODUCT_NAME = "$(TARGET_NAME)";
				SWIFT_EMIT_LOC_STRINGS = YES;
				SWIFT_VERSION = 5.0;
				TARGETED_DEVICE_FAMILY = "1,2";
			};
			name = Release;
		};
/* End XCBuildConfiguration section */

/* Begin XCConfigurationList section */
		92905C2A2A1E454C00B225E7 /* Build configuration list for PBXProject "SilentMoon" */ = {
			isa = XCConfigurationList;
			buildConfigurations = (
				92905C3B2A1E454E00B225E7 /* Debug */,
				92905C3C2A1E454E00B225E7 /* Release */,
			);
			defaultConfigurationIsVisible = 0;
			defaultConfigurationName = Release;
		};
		92905C3D2A1E454E00B225E7 /* Build configuration list for PBXNativeTarget "SilentMoon" */ = {
			isa = XCConfigurationList;
			buildConfigurations = (
				92905C3E2A1E454E00B225E7 /* Debug */,
				92905C3F2A1E454E00B225E7 /* Release */,
			);
			defaultConfigurationIsVisible = 0;
			defaultConfigurationName = Release;
		};
/* End XCConfigurationList section */
	};
	rootObject = 92905C272A1E454C00B225E7 /* Project object */;
}
